
Microsoft Visual Studio Solution File, Format Version 12.00
# Visual Studio Version 17
VisualStudioVersion = 17.14.36518.9
MinimumVisualStudioVersion = 10.0.40219.1
Project("{FAE04EC0-301F-11D3-BF4B-00C04F79EFBC}") = "ae-poc-identity-mcp-lib", "ae-poc-identity-mcp-lib\ae-poc-identity-mcp-lib.csproj", "{DAD039C9-83D9-47B0-942C-CF604EBF0233}"
EndProject
Project("{2150E333-8FDC-42A3-9474-1A3956D46DE8}") = "Solution Items", "Solution Items", "{8EC462FD-D22E-90A8-E5CE-7E832BA40C5D}"
	ProjectSection(SolutionItems) = preProject
		LICENSE = LICENSE
		README.md = README.md
	EndProjectSection
EndProject
Project("{FAE04EC0-301F-11D3-BF4B-00C04F79EFBC}") = "ae-poc-identity-mcp-srvsse", "ae-poc-identity-mcp-srvsse\ae-poc-identity-mcp-srvsse.csproj", "{AAFB8360-C318-4584-8CD4-EEC421B7EBCD}"
EndProject
Global
	GlobalSection(SolutionConfigurationPlatforms) = preSolution
		Debug|Any CPU = Debug|Any CPU
		Release|Any CPU = Release|Any CPU
	EndGlobalSection
	GlobalSection(ProjectConfigurationPlatforms) = postSolution
		{DAD039C9-83D9-47B0-942C-CF604EBF0233}.Debug|Any CPU.ActiveCfg = Debug|Any CPU
		{DAD039C9-83D9-47B0-942C-CF604EBF0233}.Debug|Any CPU.Build.0 = Debug|Any CPU
		{DAD039C9-83D9-47B0-942C-CF604EBF0233}.Release|Any CPU.ActiveCfg = Release|Any CPU
		{DAD039C9-83D9-47B0-942C-CF604EBF0233}.Release|Any CPU.Build.0 = Release|Any CPU
		{AAFB8360-C318-4584-8CD4-EEC421B7EBCD}.Debug|Any CPU.ActiveCfg = Debug|Any CPU
		{AAFB8360-C318-4584-8CD4-EEC421B7EBCD}.Debug|Any CPU.Build.0 = Debug|Any CPU
		{AAFB8360-C318-4584-8CD4-EEC421B7EBCD}.Release|Any CPU.ActiveCfg = Release|Any CPU
		{AAFB8360-C318-4584-8CD4-EEC421B7EBCD}.Release|Any CPU.Build.0 = Release|Any CPU
	EndGlobalSection
	GlobalSection(SolutionProperties) = preSolution
		HideSolutionNode = FALSE
	EndGlobalSection
	GlobalSection(ExtensibilityGlobals) = postSolution
		SolutionGuid = {8817B1BE-7DE7-4E97-B84F-ED8EAF85F29E}
	EndGlobalSection
EndGlobal
